// !$*UTF8*$!
{
	archiveVersion = 1;
	classes = {
	};
	objectVersion = 46;
	objects = {

/* Begin PBXBuildFile section */
		DE4326701B9F1C23009BB4C9 /* DeatilTableViewCell.swift in Sources */ = {isa = PBXBuildFile; fileRef = DE43266F1B9F1C23009BB4C9 /* DeatilTableViewCell.swift */; };
		DE480B101B98639800EE41C1 /* AppDelegate.swift in Sources */ = {isa = PBXBuildFile; fileRef = DE480B0F1B98639800EE41C1 /* AppDelegate.swift */; };
		DE480B151B98639800EE41C1 /* Main.storyboard in Resources */ = {isa = PBXBuildFile; fileRef = DE480B131B98639800EE41C1 /* Main.storyboard */; };
		DE480B171B98639800EE41C1 /* Images.xcassets in Resources */ = {isa = PBXBuildFile; fileRef = DE480B161B98639800EE41C1 /* Images.xcassets */; };
		DE480B1A1B98639800EE41C1 /* LaunchScreen.xib in Resources */ = {isa = PBXBuildFile; fileRef = DE480B181B98639800EE41C1 /* LaunchScreen.xib */; };
		DE480B261B98639800EE41C1 /* FoodPinTests.swift in Sources */ = {isa = PBXBuildFile; fileRef = DE480B251B98639800EE41C1 /* FoodPinTests.swift */; };
		DE480B301B9864B600EE41C1 /* RestaurantTableViewController.swift in Sources */ = {isa = PBXBuildFile; fileRef = DE480B2F1B9864B600EE41C1 /* RestaurantTableViewController.swift */; };
		DE480B321B9869CE00EE41C1 /* CustomTableViewCell.swift in Sources */ = {isa = PBXBuildFile; fileRef = DE480B311B9869CE00EE41C1 /* CustomTableViewCell.swift */; };
		DEA044491B9DADE50072BD22 /* Restaurant.swift in Sources */ = {isa = PBXBuildFile; fileRef = DEA044481B9DADE50072BD22 /* Restaurant.swift */; };
		DEFE6D631B9C7538008AEC3E /* DetailViewController.swift in Sources */ = {isa = PBXBuildFile; fileRef = DEFE6D621B9C7538008AEC3E /* DetailViewController.swift */; };
/* End PBXBuildFile section */

/* Begin PBXContainerItemProxy section */
		DE480B201B98639800EE41C1 /* PBXContainerItemProxy */ = {
			isa = PBXContainerItemProxy;
			containerPortal = DE480B021B98639800EE41C1 /* Project object */;
			proxyType = 1;
			remoteGlobalIDString = DE480B091B98639800EE41C1;
			remoteInfo = FoodPin;
		};
/* End PBXContainerItemProxy section */

/* Begin PBXFileReference section */
		DE43266F1B9F1C23009BB4C9 /* DeatilTableViewCell.swift */ = {isa = PBXFileReference; fileEncoding = 4; lastKnownFileType = sourcecode.swift; path = DeatilTableViewCell.swift; sourceTree = "<group>"; };
		DE480B0A1B98639800EE41C1 /* FoodPin.app */ = {isa = PBXFileReference; explicitFileType = wrapper.application; includeInIndex = 0; path = FoodPin.app; sourceTree = BUILT_PRODUCTS_DIR; };
		DE480B0E1B98639800EE41C1 /* Info.plist */ = {isa = PBXFileReference; lastKnownFileType = text.plist.xml; path = Info.plist; sourceTree = "<group>"; };
		DE480B0F1B98639800EE41C1 /* AppDelegate.swift */ = {isa = PBXFileReference; lastKnownFileType = sourcecode.swift; path = AppDelegate.swift; sourceTree = "<group>"; };
		DE480B141B98639800EE41C1 /* Base */ = {isa = PBXFileReference; lastKnownFileType = file.storyboard; name = Base; path = Base.lproj/Main.storyboard; sourceTree = "<group>"; };
		DE480B161B98639800EE41C1 /* Images.xcassets */ = {isa = PBXFileReference; lastKnownFileType = folder.assetcatalog; path = Images.xcassets; sourceTree = "<group>"; };
		DE480B191B98639800EE41C1 /* Base */ = {isa = PBXFileReference; lastKnownFileType = file.xib; name = Base; path = Base.lproj/LaunchScreen.xib; sourceTree = "<group>"; };
		DE480B1F1B98639800EE41C1 /* FoodPinTests.xctest */ = {isa = PBXFileReference; explicitFileType = wrapper.cfbundle; includeInIndex = 0; path = FoodPinTests.xctest; sourceTree = BUILT_PRODUCTS_DIR; };
		DE480B241B98639800EE41C1 /* Info.plist */ = {isa = PBXFileReference; lastKnownFileType = text.plist.xml; path = Info.plist; sourceTree = "<group>"; };
		DE480B251B98639800EE41C1 /* FoodPinTests.swift */ = {isa = PBXFileReference; lastKnownFileType = sourcecode.swift; path = FoodPinTests.swift; sourceTree = "<group>"; };
		DE480B2F1B9864B600EE41C1 /* RestaurantTableViewController.swift */ = {isa = PBXFileReference; fileEncoding = 4; lastKnownFileType = sourcecode.swift; path = RestaurantTableViewController.swift; sourceTree = "<group>"; };
		DE480B311B9869CE00EE41C1 /* CustomTableViewCell.swift */ = {isa = PBXFileReference; fileEncoding = 4; lastKnownFileType = sourcecode.swift; path = CustomTableViewCell.swift; sourceTree = "<group>"; };
		DEA044481B9DADE50072BD22 /* Restaurant.swift */ = {isa = PBXFileReference; fileEncoding = 4; lastKnownFileType = sourcecode.swift; path = Restaurant.swift; sourceTree = "<group>"; };
		DEFE6D621B9C7538008AEC3E /* DetailViewController.swift */ = {isa = PBXFileReference; fileEncoding = 4; lastKnownFileType = sourcecode.swift; path = DetailViewController.swift; sourceTree = "<group>"; };
/* End PBXFileReference section */

/* Begin PBXFrameworksBuildPhase section */
		DE480B071B98639800EE41C1 /* Frameworks */ = {
			isa = PBXFrameworksBuildPhase;
			buildActionMask = 2147483647;
			files = (
			);
			runOnlyForDeploymentPostprocessing = 0;
		};
		DE480B1C1B98639800EE41C1 /* Frameworks */ = {
			isa = PBXFrameworksBuildPhase;
			buildActionMask = 2147483647;
			files = (
			);
			runOnlyForDeploymentPostprocessing = 0;
		};
/* End PBXFrameworksBuildPhase section */

/* Begin PBXGroup section */
		DE480B011B98639800EE41C1 = {
			isa = PBXGroup;
			children = (
				DE480B0C1B98639800EE41C1 /* FoodPin */,
				DE480B221B98639800EE41C1 /* FoodPinTests */,
				DE480B0B1B98639800EE41C1 /* Products */,
			);
			sourceTree = "<group>";
		};
		DE480B0B1B98639800EE41C1 /* Products */ = {
			isa = PBXGroup;
			children = (
				DE480B0A1B98639800EE41C1 /* FoodPin.app */,
				DE480B1F1B98639800EE41C1 /* FoodPinTests.xctest */,
			);
			name = Products;
			sourceTree = "<group>";
		};
		DE480B0C1B98639800EE41C1 /* FoodPin */ = {
			isa = PBXGroup;
			children = (
				DE480B0F1B98639800EE41C1 /* AppDelegate.swift */,
				DE480B2F1B9864B600EE41C1 /* RestaurantTableViewController.swift */,
				DE480B311B9869CE00EE41C1 /* CustomTableViewCell.swift */,
				DEFE6D621B9C7538008AEC3E /* DetailViewController.swift */,
				DEA044481B9DADE50072BD22 /* Restaurant.swift */,
				DE43266F1B9F1C23009BB4C9 /* DeatilTableViewCell.swift */,
				DE480B131B98639800EE41C1 /* Main.storyboard */,
				DE480B161B98639800EE41C1 /* Images.xcassets */,
				DE480B181B98639800EE41C1 /* LaunchScreen.xib */,
				DE480B0D1B98639800EE41C1 /* Supporting Files */,
			);
			path = FoodPin;
			sourceTree = "<group>";
		};
		DE480B0D1B98639800EE41C1 /* Supporting Files */ = {
			isa = PBXGroup;
			children = (
				DE480B0E1B98639800EE41C1 /* Info.plist */,
			);
			name = "Supporting Files";
			sourceTree = "<group>";
		};
		DE480B221B98639800EE41C1 /* FoodPinTests */ = {
			isa = PBXGroup;
			children = (
				DE480B251B98639800EE41C1 /* FoodPinTests.swift */,
				DE480B231B98639800EE41C1 /* Supporting Files */,
			);
			path = FoodPinTests;
			sourceTree = "<group>";
		};
		DE480B231B98639800EE41C1 /* Supporting Files */ = {
			isa = PBXGroup;
			children = (
				DE480B241B98639800EE41C1 /* Info.plist */,
			);
			name = "Supporting Files";
			sourceTree = "<group>";
		};
/* End PBXGroup section */

/* Begin PBXNativeTarget section */
		DE480B091B98639800EE41C1 /* FoodPin */ = {
			isa = PBXNativeTarget;
			buildConfigurationList = DE480B291B98639800EE41C1 /* Build configuration list for PBXNativeTarget "FoodPin" */;
			buildPhases = (
				DE480B061B98639800EE41C1 /* Sources */,
				DE480B071B98639800EE41C1 /* Frameworks */,
				DE480B081B98639800EE41C1 /* Resources */,
			);
			buildRules = (
			);
			dependencies = (
			);
			name = FoodPin;
			productName = FoodPin;
			productReference = DE480B0A1B98639800EE41C1 /* FoodPin.app */;
			productType = "com.apple.product-type.application";
		};
		DE480B1E1B98639800EE41C1 /* FoodPinTests */ = {
			isa = PBXNativeTarget;
			buildConfigurationList = DE480B2C1B98639800EE41C1 /* Build configuration list for PBXNativeTarget "FoodPinTests" */;
			buildPhases = (
				DE480B1B1B98639800EE41C1 /* Sources */,
				DE480B1C1B98639800EE41C1 /* Frameworks */,
				DE480B1D1B98639800EE41C1 /* Resources */,
			);
			buildRules = (
			);
			dependencies = (
				DE480B211B98639800EE41C1 /* PBXTargetDependency */,
			);
			name = FoodPinTests;
			productName = FoodPinTests;
			productReference = DE480B1F1B98639800EE41C1 /* FoodPinTests.xctest */;
			productType = "com.apple.product-type.bundle.unit-test";
		};
/* End PBXNativeTarget section */

/* Begin PBXProject section */
		DE480B021B98639800EE41C1 /* Project object */ = {
			isa = PBXProject;
			attributes = {
				LastUpgradeCheck = 0640;
				ORGANIZATIONNAME = "张培栋";
				TargetAttributes = {
					DE480B091B98639800EE41C1 = {
						CreatedOnToolsVersion = 6.4;
					};
					DE480B1E1B98639800EE41C1 = {
						CreatedOnToolsVersion = 6.4;
						TestTargetID = DE480B091B98639800EE41C1;
					};
				};
			};
			buildConfigurationList = DE480B051B98639800EE41C1 /* Build configuration list for PBXProject "FoodPin" */;
			compatibilityVersion = "Xcode 3.2";
			developmentRegion = English;
			hasScannedForEncodings = 0;
			knownRegions = (
				en,
				Base,
			);
			mainGroup = DE480B011B98639800EE41C1;
			productRefGroup = DE480B0B1B98639800EE41C1 /* Products */;
			projectDirPath = "";
			projectRoot = "";
			targets = (
				DE480B091B98639800EE41C1 /* FoodPin */,
				DE480B1E1B98639800EE41C1 /* FoodPinTests */,
			);
		};
/* End PBXProject section */

/* Begin PBXResourcesBuildPhase section */
		DE480B081B98639800EE41C1 /* Resources */ = {
			isa = PBXResourcesBuildPhase;
			buildActionMask = 2147483647;
			files = (
				DE480B151B98639800EE41C1 /* Main.storyboard in Resources */,
				DE480B1A1B98639800EE41C1 /* LaunchScreen.xib in Resources */,
				DE480B171B98639800EE41C1 /* Images.xcassets in Resources */,
			);
			runOnlyForDeploymentPostprocessing = 0;
		};
		DE480B1D1B98639800EE41C1 /* Resources */ = {
			isa = PBXResourcesBuildPhase;
			buildActionMask = 2147483647;
			files = (
			);
			runOnlyForDeploymentPostprocessing = 0;
		};
/* End PBXResourcesBuildPhase section */

/* Begin PBXSourcesBuildPhase section */
		DE480B061B98639800EE41C1 /* Sources */ = {
			isa = PBXSourcesBuildPhase;
			buildActionMask = 2147483647;
			files = (
				DE4326701B9F1C23009BB4C9 /* DeatilTableViewCell.swift in Sources */,
				DEA044491B9DADE50072BD22 /* Restaurant.swift in Sources */,
				DE480B321B9869CE00EE41C1 /* CustomTableViewCell.swift in Sources */,
				DE480B301B9864B600EE41C1 /* RestaurantTableViewController.swift in Sources */,
				DE480B101B98639800EE41C1 /* AppDelegate.swift in Sources */,
				DEFE6D631B9C7538008AEC3E /* DetailViewController.swift in Sources */,
			);
			runOnlyForDeploymentPostprocessing = 0;
		};
		DE480B1B1B98639800EE41C1 /* Sources */ = {
			isa = PBXSourcesBuildPhase;
			buildActionMask = 2147483647;
			files = (
				DE480B261B98639800EE41C1 /* FoodPinTests.swift in Sources */,
			);
			runOnlyForDeploymentPostprocessing = 0;
		};
/* End PBXSourcesBuildPhase section */

/* Begin PBXTargetDependency section */
		DE480B211B98639800EE41C1 /* PBXTargetDependency */ = {
			isa = PBXTargetDependency;
			target = DE480B091B98639800EE41C1 /* FoodPin */;
			targetProxy = DE480B201B98639800EE41C1 /* PBXContainerItemProxy */;
		};
/* End PBXTargetDependency section */

/* Begin PBXVariantGroup section */
		DE480B131B98639800EE41C1 /* Main.storyboard */ = {
			isa = PBXVariantGroup;
			children = (
				DE480B141B98639800EE41C1 /* Base */,
			);
			name = Main.storyboard;
			sourceTree = "<group>";
		};
		DE480B181B98639800EE41C1 /* LaunchScreen.xib */ = {
			isa = PBXVariantGroup;
			children = (
				DE480B191B98639800EE41C1 /* Base */,
			);
			name = LaunchScreen.xib;
			sourceTree = "<group>";
		};
/* End PBXVariantGroup section */

/* Begin XCBuildConfiguration section */
		DE480B271B98639800EE41C1 /* Debug */ = {
			isa = XCBuildConfiguration;
			buildSettings = {
				ALWAYS_SEARCH_USER_PATHS = NO;
				CLANG_CXX_LANGUAGE_STANDARD = "gnu++0x";
				CLANG_CXX_LIBRARY = "libc++";
				CLANG_ENABLE_MODULES = YES;
				CLANG_ENABLE_OBJC_ARC = YES;
				CLANG_WARN_BOOL_CONVERSION = YES;
				CLANG_WARN_CONSTANT_CONVERSION = YES;
				CLANG_WARN_DIRECT_OBJC_ISA_USAGE = YES_ERROR;
				CLANG_WARN_EMPTY_BODY = YES;
				CLANG_WARN_ENUM_CONVERSION = YES;
				CLANG_WARN_INT_CONVERSION = YES;
				CLANG_WARN_OBJC_ROOT_CLASS = YES_ERROR;
				CLANG_WARN_UNREACHABLE_CODE = YES;
				CLANG_WARN__DUPLICATE_METHOD_MATCH = YES;
				"CODE_SIGN_IDENTITY[sdk=iphoneos*]" = "iPhone Developer";
				COPY_PHASE_STRIP = NO;
				DEBUG_INFORMATION_FORMAT = "dwarf-with-dsym";
				ENABLE_STRICT_OBJC_MSGSEND = YES;
				GCC_C_LANGUAGE_STANDARD = gnu99;
				GCC_DYNAMIC_NO_PIC = NO;
				GCC_NO_COMMON_BLOCKS = YES;
				GCC_OPTIMIZATION_LEVEL = 0;
				GCC_PREPROCESSOR_DEFINITIONS = (
					"DEBUG=1",
					"$(inherited)",
				);
				GCC_SYMBOLS_PRIVATE_EXTERN = NO;
				GCC_WARN_64_TO_32_BIT_CONVERSION = YES;
				GCC_WARN_ABOUT_RETURN_TYPE = YES_ERROR;
				GCC_WARN_UNDECLARED_SELECTOR = YES;
				GCC_WARN_UNINITIALIZED_AUTOS = YES_AGGRESSIVE;
				GCC_WARN_UNUSED_FUNCTION = YES;
				GCC_WARN_UNUSED_VARIABLE = YES;
				IPHONEOS_DEPLOYMENT_TARGET = 8.4;
				MTL_ENABLE_DEBUG_INFO = YES;
				ONLY_ACTIVE_ARCH = YES;
				SDKROOT = iphoneos;
				SWIFT_OPTIMIZATION_LEVEL = "-Onone";
			};
			name = Debug;
		};
		DE480B281B98639800EE41C1 /* Release */ = {
			isa = XCBuildConfiguration;
			buildSettings = {
				ALWAYS_SEARCH_USER_PATHS = NO;
				CLANG_CXX_LANGUAGE_STANDARD = "gnu++0x";
				CLANG_CXX_LIBRARY = "libc++";
				CLANG_ENABLE_MODULES = YES;
				CLANG_ENABLE_OBJC_ARC = YES;
				CLANG_WARN_BOOL_CONVERSION = YES;
				CLANG_WARN_CONSTANT_CONVERSION = YES;
				CLANG_WARN_DIRECT_OBJC_ISA_USAGE = YES_ERROR;
				CLANG_WARN_EMPTY_BODY = YES;
				CLANG_WARN_ENUM_CONVERSION = YES;
				CLANG_WARN_INT_CONVERSION = YES;
				CLANG_WARN_OBJC_ROOT_CLASS = YES_ERROR;
				CLANG_WARN_UNREACHABLE_CODE = YES;
				CLANG_WARN__DUPLICATE_METHOD_MATCH = YES;
				"CODE_SIGN_IDENTITY[sdk=iphoneos*]" = "iPhone Developer";
				COPY_PHASE_STRIP = NO;
				DEBUG_INFORMATION_FORMAT = "dwarf-with-dsym";
				ENABLE_NS_ASSERTIONS = NO;
				ENABLE_STRICT_OBJC_MSGSEND = YES;
				GCC_C_LANGUAGE_STANDARD = gnu99;
				GCC_NO_COMMON_BLOCKS = YES;
				GCC_WARN_64_TO_32_BIT_CONVERSION = YES;
				GCC_WARN_ABOUT_RETURN_TYPE = YES_ERROR;
				GCC_WARN_UNDECLARED_SELECTOR = YES;
				GCC_WARN_UNINITIALIZED_AUTOS = YES_AGGRESSIVE;
				GCC_WARN_UNUSED_FUNCTION = YES;
				GCC_WARN_UNUSED_VARIABLE = YES;
				IPHONEOS_DEPLOYMENT_TARGET = 8.4;
				MTL_ENABLE_DEBUG_INFO = NO;
				SDKROOT = iphoneos;
				VALIDATE_PRODUCT = YES;
			};
			name = Release;
		};
		DE480B2A1B98639800EE41C1 /* Debug */ = {
			isa = XCBuildConfiguration;
			buildSettings = {
				ASSETCATALOG_COMPILER_APPICON_NAME = AppIcon;
				INFOPLIST_FILE = FoodPin/Info.plist;
				LD_RUNPATH_SEARCH_PATHS = "$(inherited) @executable_path/Frameworks";
				PRODUCT_NAME = "$(TARGET_NAME)";
			};
			name = Debug;
		};
		DE480B2B1B98639800EE41C1 /* Release */ = {
			isa = XCBuildConfiguration;
			buildSettings = {
				ASSETCATALOG_COMPILER_APPICON_NAME = AppIcon;
				INFOPLIST_FILE = FoodPin/Info.plist;
				LD_RUNPATH_SEARCH_PATHS = "$(inherited) @executable_path/Frameworks";
				PRODUCT_NAME = "$(TARGET_NAME)";
			};
			name = Release;
		};
		DE480B2D1B98639800EE41C1 /* Debug */ = {
			isa = XCBuildConfiguration;
			buildSettings = {
				BUNDLE_LOADER = "$(TEST_HOST)";
				FRAMEWORK_SEARCH_PATHS = (
					"$(SDKROOT)/Developer/Library/Frameworks",
					"$(inherited)",
				);
				GCC_PREPROCESSOR_DEFINITIONS = (
					"DEBUG=1",
					"$(inherited)",
				);
				INFOPLIST_FILE = FoodPinTests/Info.plist;
				LD_RUNPATH_SEARCH_PATHS = "$(inherited) @executable_path/Frameworks @loader_path/Frameworks";
				PRODUCT_NAME = "$(TARGET_NAME)";
				TEST_HOST = "$(BUILT_PRODUCTS_DIR)/FoodPin.app/FoodPin";
			};
			name = Debug;
		};
		DE480B2E1B98639800EE41C1 /* Release */ = {
			isa = XCBuildConfiguration;
			buildSettings = {
				BUNDLE_LOADER = "$(TEST_HOST)";
				FRAMEWORK_SEARCH_PATHS = (
					"$(SDKROOT)/Developer/Library/Frameworks",
					"$(inherited)",
				);
				INFOPLIST_FILE = FoodPinTests/Info.plist;
				LD_RUNPATH_SEARCH_PATHS = "$(inherited) @executable_path/Frameworks @loader_path/Frameworks";
				PRODUCT_NAME = "$(TARGET_NAME)";
				TEST_HOST = "$(BUILT_PRODUCTS_DIR)/FoodPin.app/FoodPin";
			};
			name = Release;
		};
/* End XCBuildConfiguration section */

/* Begin XCConfigurationList section */
		DE480B051B98639800EE41C1 /* Build configuration list for PBXProject "FoodPin" */ = {
			isa = XCConfigurationList;
			buildConfigurations = (
				DE480B271B98639800EE41C1 /* Debug */,
				DE480B281B98639800EE41C1 /* Release */,
			);
			defaultConfigurationIsVisible = 0;
			defaultConfigurationName = Release;
		};
		DE480B291B98639800EE41C1 /* Build configuration list for PBXNativeTarget "FoodPin" */ = {
			isa = XCConfigurationList;
			buildConfigurations = (
				DE480B2A1B98639800EE41C1 /* Debug */,
				DE480B2B1B98639800EE41C1 /* Release */,
			);
			defaultConfigurationIsVisible = 0;
			defaultConfigurationName = Release;
		};
		DE480B2C1B98639800EE41C1 /* Build configuration list for PBXNativeTarget "FoodPinTests" */ = {
			isa = XCConfigurationList;
			buildConfigurations = (
				DE480B2D1B98639800EE41C1 /* Debug */,
				DE480B2E1B98639800EE41C1 /* Release */,
			);
			defaultConfigurationIsVisible = 0;
			defaultConfigurationName = Release;
		};
/* End XCConfigurationList section */
	};
	rootObject = DE480B021B98639800EE41C1 /* Project object */;
}
